
Microsoft Visual Studio Solution File, Format Version 12.00
# Visual Studio Version 17
VisualStudioVersion = 17.5.33502.453
MinimumVisualStudioVersion = 10.0.40219.1
Project("{9A19103F-16F7-4668-BE54-9A1E7A4F7556}") = "SessionApp", "SessionApp.csproj", "{2731C132-7953-4ADE-BE43-ACE0972EDEB9}"
EndProject
Global
	GlobalSection(SolutionConfigurationPlatforms) = preSolution
		Debug|Any CPU = Debug|Any CPU
		Release|Any CPU = Release|Any CPU
	EndGlobalSection
	GlobalSection(ProjectConfigurationPlatforms) = postSolution
		{2731C132-7953-4ADE-BE43-ACE0972EDEB9}.Debug|Any CPU.ActiveCfg = Debug|Any CPU
		{2731C132-7953-4ADE-BE43-ACE0972EDEB9}.Debug|Any CPU.Build.0 = Debug|Any CPU
		{2731C132-7953-4ADE-BE43-ACE0972EDEB9}.Release|Any CPU.ActiveCfg = Release|Any CPU
		{2731C132-7953-4ADE-BE43-ACE0972EDEB9}.Release|Any CPU.Build.0 = Release|Any CPU
	EndGlobalSection
	GlobalSection(SolutionProperties) = preSolution
		HideSolutionNode = FALSE
	EndGlobalSection
	GlobalSection(ExtensibilityGlobals) = postSolution
		SolutionGuid = {A8E49553-A432-4CBA-8B5A-F82F1431F29A}
	EndGlobalSection
EndGlobal
